
Microsoft Visual Studio Solution File, Format Version 12.00
# Visual Studio 15
VisualStudioVersion = 15.0.27428.2005
MinimumVisualStudioVersion = 10.0.40219.1
Project("{9A19103F-16F7-4668-BE54-9A1E7A4F7556}") = "Asp2017", "Asp2017.csproj", "{889E2C0E-F6C1-4B80-8A3F-4D8CE022B175}"
EndProject
Global
	GlobalSection(SolutionConfigurationPlatforms) = preSolution
		Debug|Any CPU = Debug|Any CPU
		Release|Any CPU = Release|Any CPU
	EndGlobalSection
	GlobalSection(ProjectConfigurationPlatforms) = postSolution
		{889E2C0E-F6C1-4B80-8A3F-4D8CE022B175}.Debug|Any CPU.ActiveCfg = Debug|Any CPU
		{889E2C0E-F6C1-4B80-8A3F-4D8CE022B175}.Debug|Any CPU.Build.0 = Debug|Any CPU
		{889E2C0E-F6C1-4B80-8A3F-4D8CE022B175}.Release|Any CPU.ActiveCfg = Release|Any CPU
		{889E2C0E-F6C1-4B80-8A3F-4D8CE022B175}.Release|Any CPU.Build.0 = Release|Any CPU
	EndGlobalSection
	GlobalSection(SolutionProperties) = preSolution
		HideSolutionNode = FALSE
	EndGlobalSection
	GlobalSection(ExtensibilityGlobals) = postSolution
		SolutionGuid = {09612CCD-9BE6-4E88-AA3B-8E8F04A1A297}
	EndGlobalSection
EndGlobal
